
Microsoft Visual Studio Solution File, Format Version 12.00
Project("{FAE04EC0-301F-11D3-BF4B-00C04F79EFBC}") = "EFCore", "EFCore.csproj", "{80BD0D1B-15A1-4875-B874-DFF0A7543DA2}"
EndProject
Global
	GlobalSection(SolutionConfigurationPlatforms) = preSolution
		Debug|Any CPU = Debug|Any CPU
		Release|Any CPU = Release|Any CPU
	EndGlobalSection
	GlobalSection(ProjectConfigurationPlatforms) = postSolution
		{80BD0D1B-15A1-4875-B874-DFF0A7543DA2}.Debug|Any CPU.ActiveCfg = Debug|Any CPU
		{80BD0D1B-15A1-4875-B874-DFF0A7543DA2}.Debug|Any CPU.Build.0 = Debug|Any CPU
		{80BD0D1B-15A1-4875-B874-DFF0A7543DA2}.Release|Any CPU.ActiveCfg = Release|Any CPU
		{80BD0D1B-15A1-4875-B874-DFF0A7543DA2}.Release|Any CPU.Build.0 = Release|Any CPU
	EndGlobalSection
EndGlobal
